lockVersion: 2.0.0
id: 091f072e-89b5-4c97-b605-63f1bf64ee97
management:
  docChecksum: 55276d20f451fbd97c52177873402f09
  docVersion: v1
  speakeasyVersion: 1.543.4
  generationVersion: 2.598.22
  releaseVersion: 0.3.36
  configChecksum: 873b9bd80949387c14bfbcb13580d18a
  published: true
features:
  typescript:
    additionalDependencies: 0.1.0
    constsAndDefaults: 0.1.11
    core: 3.21.7
    defaultEnabledRetries: 0.1.0
    devContainers: 2.90.0
    enumUnions: 0.1.0
    envVarSecurityUsage: 0.1.2
    globalSecurityCallbacks: 0.1.0
    globalServerURLs: 2.82.5
    mcpServer: 0.9.2
    nullables: 0.1.1
    responseFormat: 0.2.3
    retries: 2.83.0
    sdkHooks: 0.2.0
    unions: 2.85.8
generatedFiles:
  - .devcontainer/README.md
  - .devcontainer/devcontainer.json
  - .devcontainer/setup.sh
  - .gitattributes
  - .npmignore
  - FUNCTIONS.md
  - RUNTIMES.md
  - USAGE.md
  - docs/lib/utils/retryconfig.md
  - docs/models/components/activatelicenserequestentity.md
  - docs/models/components/activationlimit.md
  - docs/models/components/checkoutentity.md
  - docs/models/components/checkoutentitycustomer.md
  - docs/models/components/checkoutentitymode.md
  - docs/models/components/checkoutentityproduct.md
  - docs/models/components/createcheckoutrequest.md
  - docs/models/components/createcustomerportallinkrequestentity.md
  - docs/models/components/creatediscountrequestentity.md
  - docs/models/components/creatediscountrequestentityduration.md
  - docs/models/components/creatediscountrequestentitytype.md
  - docs/models/components/createproductrequestentity.md
  - docs/models/components/customer.md
  - docs/models/components/customerentity.md
  - docs/models/components/customerentitymode.md
  - docs/models/components/customerlinksentity.md
  - docs/models/components/customerrequestentity.md
  - docs/models/components/customfield.md
  - docs/models/components/customfieldrequestentity.md
  - docs/models/components/deactivatelicenserequestentity.md
  - docs/models/components/discountentity.md
  - docs/models/components/discountentitymode.md
  - docs/models/components/discountentitystatus.md
  - docs/models/components/discountentitytype.md
  - docs/models/components/duration.md
  - docs/models/components/expiresat.md
  - docs/models/components/featureentity.md
  - docs/models/components/instance.md
  - docs/models/components/licenseentity.md
  - docs/models/components/licenseentityinstancemode.md
  - docs/models/components/licenseentityinstancestatus.md
  - docs/models/components/licenseentitymode.md
  - docs/models/components/licenseentitystatus.md
  - docs/models/components/mode.md
  - docs/models/components/orderentity.md
  - docs/models/components/orderentitymode.md
  - docs/models/components/orderentitystatus.md
  - docs/models/components/orderentitytype.md
  - docs/models/components/paginationentity.md
  - docs/models/components/product.md
  - docs/models/components/productentity.md
  - docs/models/components/productfeatureentity.md
  - docs/models/components/productlistentity.md
  - docs/models/components/status.md
  - docs/models/components/subscription.md
  - docs/models/components/subscriptionentity.md
  - docs/models/components/subscriptionentitymode.md
  - docs/models/components/subscriptionitementity.md
  - docs/models/components/subscriptionitementitymode.md
  - docs/models/components/text.md
  - docs/models/components/transactionentity.md
  - docs/models/components/transactionentitymode.md
  - docs/models/components/transactionlistentity.md
  - docs/models/components/type.md
  - docs/models/components/updatebehavior.md
  - docs/models/components/updatesubscriptionrequestentity.md
  - docs/models/components/upgradesubscriptionrequestentity.md
  - docs/models/components/upgradesubscriptionrequestentityupdatebehavior.md
  - docs/models/components/upsertsubscriptionitementity.md
  - docs/models/components/validatelicenserequestentity.md
  - docs/models/operations/activatelicenserequest.md
  - docs/models/operations/cancelsubscriptionrequest.md
  - docs/models/operations/createcheckoutrequest.md
  - docs/models/operations/creatediscountrequest.md
  - docs/models/operations/createproductrequest.md
  - docs/models/operations/deactivatelicenserequest.md
  - docs/models/operations/deletediscountrequest.md
  - docs/models/operations/generatecustomerlinksrequest.md
  - docs/models/operations/retrievecheckoutrequest.md
  - docs/models/operations/retrievecustomerrequest.md
  - docs/models/operations/retrievediscountrequest.md
  - docs/models/operations/retrieveproductrequest.md
  - docs/models/operations/retrievesubscriptionrequest.md
  - docs/models/operations/searchproductsrequest.md
  - docs/models/operations/searchtransactionsrequest.md
  - docs/models/operations/updatesubscriptionrequest.md
  - docs/models/operations/upgradesubscriptionrequest.md
  - docs/models/operations/validatelicenserequest.md
  - docs/sdks/creem/README.md
  - eslint.config.mjs
  - jsr.json
  - package.json
  - src/core.ts
  - src/funcs/activateLicense.ts
  - src/funcs/cancelSubscription.ts
  - src/funcs/createCheckout.ts
  - src/funcs/createDiscount.ts
  - src/funcs/createProduct.ts
  - src/funcs/deactivateLicense.ts
  - src/funcs/deleteDiscount.ts
  - src/funcs/generateCustomerLinks.ts
  - src/funcs/retrieveCheckout.ts
  - src/funcs/retrieveCustomer.ts
  - src/funcs/retrieveDiscount.ts
  - src/funcs/retrieveProduct.ts
  - src/funcs/retrieveSubscription.ts
  - src/funcs/searchProducts.ts
  - src/funcs/searchTransactions.ts
  - src/funcs/updateSubscription.ts
  - src/funcs/upgradeSubscription.ts
  - src/funcs/validateLicense.ts
  - src/hooks/hooks.ts
  - src/hooks/index.ts
  - src/hooks/types.ts
  - src/index.ts
  - src/lib/base64.ts
  - src/lib/config.ts
  - src/lib/dlv.ts
  - src/lib/encodings.ts
  - src/lib/env.ts
  - src/lib/files.ts
  - src/lib/http.ts
  - src/lib/is-plain-object.ts
  - src/lib/logger.ts
  - src/lib/matchers.ts
  - src/lib/primitives.ts
  - src/lib/retries.ts
  - src/lib/schemas.ts
  - src/lib/sdks.ts
  - src/lib/security.ts
  - src/lib/url.ts
  - src/mcp-server/build.mts
  - src/mcp-server/cli.ts
  - src/mcp-server/cli/start/command.ts
  - src/mcp-server/cli/start/impl.ts
  - src/mcp-server/console-logger.ts
  - src/mcp-server/extensions.ts
  - src/mcp-server/mcp-server.ts
  - src/mcp-server/prompts.ts
  - src/mcp-server/resources.ts
  - src/mcp-server/scopes.ts
  - src/mcp-server/server.ts
  - src/mcp-server/shared.ts
  - src/mcp-server/tools.ts
  - src/mcp-server/tools/activateLicense.ts
  - src/mcp-server/tools/cancelSubscription.ts
  - src/mcp-server/tools/createCheckout.ts
  - src/mcp-server/tools/createDiscount.ts
  - src/mcp-server/tools/createProduct.ts
  - src/mcp-server/tools/deactivateLicense.ts
  - src/mcp-server/tools/deleteDiscount.ts
  - src/mcp-server/tools/generateCustomerLinks.ts
  - src/mcp-server/tools/retrieveCheckout.ts
  - src/mcp-server/tools/retrieveCustomer.ts
  - src/mcp-server/tools/retrieveDiscount.ts
  - src/mcp-server/tools/retrieveProduct.ts
  - src/mcp-server/tools/retrieveSubscription.ts
  - src/mcp-server/tools/searchProducts.ts
  - src/mcp-server/tools/searchTransactions.ts
  - src/mcp-server/tools/updateSubscription.ts
  - src/mcp-server/tools/upgradeSubscription.ts
  - src/mcp-server/tools/validateLicense.ts
  - src/models/components/activatelicenserequestentity.ts
  - src/models/components/checkoutentity.ts
  - src/models/components/createcheckoutrequest.ts
  - src/models/components/createcustomerportallinkrequestentity.ts
  - src/models/components/creatediscountrequestentity.ts
  - src/models/components/createproductrequestentity.ts
  - src/models/components/customerentity.ts
  - src/models/components/customerlinksentity.ts
  - src/models/components/customerrequestentity.ts
  - src/models/components/customfield.ts
  - src/models/components/customfieldrequestentity.ts
  - src/models/components/deactivatelicenserequestentity.ts
  - src/models/components/discountentity.ts
  - src/models/components/featureentity.ts
  - src/models/components/index.ts
  - src/models/components/licenseentity.ts
  - src/models/components/orderentity.ts
  - src/models/components/paginationentity.ts
  - src/models/components/productentity.ts
  - src/models/components/productfeatureentity.ts
  - src/models/components/productlistentity.ts
  - src/models/components/subscriptionentity.ts
  - src/models/components/subscriptionitementity.ts
  - src/models/components/text.ts
  - src/models/components/transactionentity.ts
  - src/models/components/transactionlistentity.ts
  - src/models/components/updatesubscriptionrequestentity.ts
  - src/models/components/upgradesubscriptionrequestentity.ts
  - src/models/components/upsertsubscriptionitementity.ts
  - src/models/components/validatelicenserequestentity.ts
  - src/models/errors/apierror.ts
  - src/models/errors/httpclienterrors.ts
  - src/models/errors/index.ts
  - src/models/errors/sdkvalidationerror.ts
  - src/models/operations/activatelicense.ts
  - src/models/operations/cancelsubscription.ts
  - src/models/operations/createcheckout.ts
  - src/models/operations/creatediscount.ts
  - src/models/operations/createproduct.ts
  - src/models/operations/deactivatelicense.ts
  - src/models/operations/deletediscount.ts
  - src/models/operations/generatecustomerlinks.ts
  - src/models/operations/index.ts
  - src/models/operations/retrievecheckout.ts
  - src/models/operations/retrievecustomer.ts
  - src/models/operations/retrievediscount.ts
  - src/models/operations/retrieveproduct.ts
  - src/models/operations/retrievesubscription.ts
  - src/models/operations/searchproducts.ts
  - src/models/operations/searchtransactions.ts
  - src/models/operations/updatesubscription.ts
  - src/models/operations/upgradesubscription.ts
  - src/models/operations/validatelicense.ts
  - src/sdk/index.ts
  - src/sdk/sdk.ts
  - src/types/async.ts
  - src/types/blobs.ts
  - src/types/constdatetime.ts
  - src/types/enums.ts
  - src/types/fp.ts
  - src/types/index.ts
  - src/types/operations.ts
  - src/types/rfcdate.ts
  - src/types/streams.ts
  - tsconfig.json
examples:
  ProductsControllerV1_retrieve:
    speakeasy-default-products-controller-v1-retrieve:
      parameters:
        query:
          product_id: "<id>"
        header:
          x-api-key: "<value>"
      responses:
        "200":
          application/json: {"id": "<id>", "mode": "test", "object": "<value>", "name": "<value>", "description": "This is a sample product description.", "image_url": "https://example.com/image.jpg", "features": [{"id": "<id>", "type": "<value>", "description": "Get access to discord server."}, {"id": "<id>", "type": "<value>", "description": "Get access to discord server."}, {"id": "<id>", "type": "<value>", "description": "Get access to discord server."}], "price": 400, "currency": "EUR", "billing_type": "recurring", "billing_period": "every-month", "status": "<value>", "tax_mode": "inclusive", "tax_category": "saas", "product_url": "https://creem.io/product/prod_123123123123", "default_success_url": "https://example.com/?status=successful", "created_at": "2023-01-01T00:00:00Z", "updated_at": "2023-01-01T00:00:00Z"}
  ProductsControllerV1_create:
    speakeasy-default-products-controller-v1-create:
      parameters:
        header:
          x-api-key: "<value>"
      requestBody:
        application/json: {"name": "<value>", "image_url": "https://picsum.photos/200/300", "price": 400, "currency": "EUR", "billing_type": "recurring", "billing_period": "every-month", "features": [{"id": "<id>", "type": "<value>", "description": "Get access to discord server."}, {"id": "<id>", "type": "<value>", "description": "Get access to discord server."}, {"id": "<id>", "type": "<value>", "description": "Get access to discord server."}], "tax_mode": "inclusive", "tax_category": "saas", "default_success_url": "https://example.com/?status=successful", "custom_field": [{"type": "text", "key": "<key>", "label": "<value>"}, {"type": "text", "key": "<key>", "label": "<value>"}, {"type": "text", "key": "<key>", "label": "<value>"}]}
      responses:
        "200":
          application/json: {"id": "<id>", "mode": "sandbox", "object": "<value>", "name": "<value>", "description": "This is a sample product description.", "image_url": "https://example.com/image.jpg", "features": [{"id": "<id>", "type": "<value>", "description": "Get access to discord server."}, {"id": "<id>", "type": "<value>", "description": "Get access to discord server."}, {"id": "<id>", "type": "<value>", "description": "Get access to discord server."}], "price": 400, "currency": "EUR", "billing_type": "recurring", "billing_period": "every-month", "status": "<value>", "tax_mode": "inclusive", "tax_category": "saas", "product_url": "https://creem.io/product/prod_123123123123", "default_success_url": "https://example.com/?status=successful", "created_at": "2023-01-01T00:00:00Z", "updated_at": "2023-01-01T00:00:00Z"}
  ProductsControllerV1_search:
    speakeasy-default-products-controller-v1-search:
      parameters:
        query: {}
        header:
          x-api-key: "<value>"
      responses:
        "200":
          application/json: {"items": [], "pagination": {"total_records": 0, "total_pages": 0, "current_page": 1, "next_page": {}}}
  CustomersControllerV1_retrieve:
    speakeasy-default-customers-controller-v1-retrieve:
      parameters:
        query: {}
        header:
          x-api-key: "<value>"
      responses:
        "200":
          application/json: {"id": "<id>", "mode": "test", "object": "<value>", "email": "user@example.com", "name": "John Doe", "country": "US", "created_at": "2023-01-01T00:00:00Z", "updated_at": "2023-01-01T00:00:00Z"}
  CustomersBillingControllerV1_generate:
    speakeasy-default-customers-billing-controller-v1-generate:
      parameters:
        header:
          x-api-key: "<value>"
      requestBody:
        application/json: {"customer_id": "<id>"}
      responses:
        "200":
          application/json: {"customer_portal_link": "<value>"}
  SubscriptionsControllerV1_retrieve:
    speakeasy-default-subscriptions-controller-v1-retrieve:
      parameters:
        query:
          subscription_id: "<id>"
        header:
          x-api-key: "<value>"
      responses:
        "200":
          application/json: {"id": "<id>", "mode": "live", "object": "<value>", "product": {}, "customer": {}, "collection_method": "charge_automatically", "status": "active", "last_transaction_id": "tran_3e6Z6TzvHKdsjEgXnGDEp0", "last_transaction": {"id": "<id>", "mode": "live", "object": "<value>", "amount": 2000, "amount_paid": 2000, "discount_amount": 2000, "currency": "EUR", "type": "<value>", "tax_country": "US", "tax_amount": 2000, "status": "<value>", "refunded_amount": 2000, "created_at": 2246.37}, "last_transaction_date": "2024-09-12T12:34:56Z", "next_transaction_date": "2024-09-12T12:34:56Z", "current_period_start_date": "2024-09-12T12:34:56Z", "current_period_end_date": "2024-09-12T12:34:56Z", "canceled_at": "2024-09-12T12:34:56Z", "created_at": "2024-01-01T00:00:00Z", "updated_at": "2024-09-12T12:34:56Z"}
  SubscriptionsControllerV1_cancel:
    speakeasy-default-subscriptions-controller-v1-cancel:
      parameters:
        path:
          id: "<id>"
        header:
          x-api-key: "<value>"
      responses:
        "200":
          application/json: {"id": "<id>", "mode": "test", "object": "<value>", "product": {}, "customer": {}, "collection_method": "charge_automatically", "status": "active", "last_transaction_id": "tran_3e6Z6TzvHKdsjEgXnGDEp0", "last_transaction": {"id": "<id>", "mode": "test", "object": "<value>", "amount": 2000, "amount_paid": 2000, "discount_amount": 2000, "currency": "EUR", "type": "<value>", "tax_country": "US", "tax_amount": 2000, "status": "<value>", "refunded_amount": 2000, "created_at": 4157.74}, "last_transaction_date": "2024-09-12T12:34:56Z", "next_transaction_date": "2024-09-12T12:34:56Z", "current_period_start_date": "2024-09-12T12:34:56Z", "current_period_end_date": "2024-09-12T12:34:56Z", "canceled_at": "2024-09-12T12:34:56Z", "created_at": "2024-01-01T00:00:00Z", "updated_at": "2024-09-12T12:34:56Z"}
  SubscriptionsControllerV1_update:
    speakeasy-default-subscriptions-controller-v1-update:
      parameters:
        path:
          id: "<id>"
        header:
          x-api-key: "<value>"
      requestBody:
        application/json: {"update_behavior": "proration-charge"}
      responses:
        "200":
          application/json: {"id": "<id>", "mode": "live", "object": "<value>", "product": {}, "customer": {}, "collection_method": "charge_automatically", "status": "active", "last_transaction_id": "tran_3e6Z6TzvHKdsjEgXnGDEp0", "last_transaction": {"id": "<id>", "mode": "live", "object": "<value>", "amount": 2000, "amount_paid": 2000, "discount_amount": 2000, "currency": "EUR", "type": "<value>", "tax_country": "US", "tax_amount": 2000, "status": "<value>", "refunded_amount": 2000, "created_at": 6698.36}, "last_transaction_date": "2024-09-12T12:34:56Z", "next_transaction_date": "2024-09-12T12:34:56Z", "current_period_start_date": "2024-09-12T12:34:56Z", "current_period_end_date": "2024-09-12T12:34:56Z", "canceled_at": "2024-09-12T12:34:56Z", "created_at": "2024-01-01T00:00:00Z", "updated_at": "2024-09-12T12:34:56Z"}
  SubscriptionsControllerV1_upgrade:
    speakeasy-default-subscriptions-controller-v1-upgrade:
      parameters:
        path:
          id: "<id>"
        header:
          x-api-key: "<value>"
      requestBody:
        application/json: {"product_id": "prod_123", "update_behavior": "proration-charge-immediately"}
      responses:
        "200":
          application/json: {"id": "<id>", "mode": "live", "object": "<value>", "product": {}, "customer": {}, "collection_method": "charge_automatically", "status": "active", "last_transaction_id": "tran_3e6Z6TzvHKdsjEgXnGDEp0", "last_transaction": {"id": "<id>", "mode": "live", "object": "<value>", "amount": 2000, "amount_paid": 2000, "discount_amount": 2000, "currency": "EUR", "type": "<value>", "tax_country": "US", "tax_amount": 2000, "status": "<value>", "refunded_amount": 2000, "created_at": 5883.19}, "last_transaction_date": "2024-09-12T12:34:56Z", "next_transaction_date": "2024-09-12T12:34:56Z", "current_period_start_date": "2024-09-12T12:34:56Z", "current_period_end_date": "2024-09-12T12:34:56Z", "canceled_at": "2024-09-12T12:34:56Z", "created_at": "2024-01-01T00:00:00Z", "updated_at": "2024-09-12T12:34:56Z"}
  CheckoutsControllerV1_retrieve:
    speakeasy-default-checkouts-controller-v1-retrieve:
      parameters:
        query:
          checkout_id: "<id>"
        header:
          x-api-key: "<value>"
      responses:
        "200":
          application/json: {"id": "<id>", "mode": "sandbox", "object": "<value>", "status": "<value>", "product": {"id": "<id>", "mode": "live", "object": "<value>", "name": "<value>", "description": "This is a sample product description.", "image_url": "https://example.com/image.jpg", "features": [{"id": "<id>", "type": "<value>", "description": "Get access to discord server."}, {"id": "<id>", "type": "<value>", "description": "Get access to discord server."}], "price": 400, "currency": "EUR", "billing_type": "recurring", "billing_period": "every-month", "status": "<value>", "tax_mode": "inclusive", "tax_category": "saas", "product_url": "https://creem.io/product/prod_123123123123", "default_success_url": "https://example.com/?status=successful", "created_at": "2023-01-01T00:00:00Z", "updated_at": "2023-01-01T00:00:00Z"}, "units": 0, "order": {"id": "<id>", "mode": "live", "object": "<value>", "product": "{}", "transaction": "tx_1234567890", "discount": "dis_1234567890", "amount": 2000, "sub_total": 1800, "tax_amount": 200, "discount_amount": 100, "amount_due": 1900, "amount_paid": 1900, "currency": "EUR", "fx_amount": 15, "fx_currency": "EUR", "fx_rate": 1.2, "status": "pending", "type": "subscription", "created_at": "2023-09-13T00:00:00Z", "updated_at": "2023-09-13T00:00:00Z"}, "checkout_url": "https://glorious-numeric.org", "success_url": "https://example.com/return", "feature": [{"license": {"id": "<id>", "mode": "live", "object": "<value>", "status": "active", "key": "ABC123-XYZ456-XYZ456-XYZ456", "activation": 5, "activation_limit": {}, "created_at": "2023-09-13T00:00:00Z", "instance": [{"id": "<id>", "mode": "test", "object": "license-instance", "name": "My Customer License Instance", "status": "active", "created_at": "2023-09-13T00:00:00Z"}, {"id": "<id>", "mode": "live", "object": "license-instance", "name": "My Customer License Instance", "status": "active", "created_at": "2023-09-13T00:00:00Z"}, {"id": "<id>", "mode": "sandbox", "object": "license-instance", "name": "My Customer License Instance", "status": "active", "created_at": "2023-09-13T00:00:00Z"}]}}, {"license": {"id": "<id>", "mode": "test", "object": "<value>", "status": "active", "key": "ABC123-XYZ456-XYZ456-XYZ456", "activation": 5, "activation_limit": {}, "created_at": "2023-09-13T00:00:00Z", "instance": [{"id": "<id>", "mode": "sandbox", "object": "license-instance", "name": "My Customer License Instance", "status": "active", "created_at": "2023-09-13T00:00:00Z"}, {"id": "<id>", "mode": "test", "object": "license-instance", "name": "My Customer License Instance", "status": "active", "created_at": "2023-09-13T00:00:00Z"}]}}], "metadata": {"userId": "user_123", "visitCount": 42, "lastVisit": "2023-04-01"}}
  CheckoutsControllerV1_createCheckout:
    speakeasy-default-checkouts-controller-v1-create-checkout:
      parameters:
        header:
          x-api-key: "<value>"
      requestBody:
        application/json: {"product_id": "<id>", "customer": {"id": "<id>", "email": "user@example.com"}, "custom_field": [{"type": "text", "key": "<key>", "label": "<value>"}, {"type": "text", "key": "<key>", "label": "<value>"}]}
      responses:
        "200":
          application/json: {"id": "<id>", "mode": "test", "object": "<value>", "status": "<value>", "product": {}, "order": {"id": "<id>", "mode": "live", "object": "<value>", "product": "{}", "transaction": "tx_1234567890", "discount": "dis_1234567890", "amount": 2000, "sub_total": 1800, "tax_amount": 200, "discount_amount": 100, "amount_due": 1900, "amount_paid": 1900, "currency": "EUR", "fx_amount": 15, "fx_currency": "EUR", "fx_rate": 1.2, "status": "pending", "type": "subscription", "created_at": "2023-09-13T00:00:00Z", "updated_at": "2023-09-13T00:00:00Z"}, "checkout_url": "https://actual-sightseeing.info", "success_url": "https://example.com/return", "feature": [{"license": {"id": "<id>", "mode": "test", "object": "<value>", "status": "active", "key": "ABC123-XYZ456-XYZ456-XYZ456", "activation": 5, "activation_limit": {}, "created_at": "2023-09-13T00:00:00Z", "instance": [{"id": "<id>", "mode": "live", "object": "license-instance", "name": "My Customer License Instance", "status": "active", "created_at": "2023-09-13T00:00:00Z"}, {"id": "<id>", "mode": "test", "object": "license-instance", "name": "My Customer License Instance", "status": "active", "created_at": "2023-09-13T00:00:00Z"}]}}]}
  LicensesControllerV1_activate:
    speakeasy-default-licenses-controller-v1-activate:
      parameters:
        header:
          x-api-key: "<value>"
      requestBody:
        application/json: {"key": "<key>", "instance_name": "<value>"}
      responses:
        "200":
          application/json: {"id": "<id>", "mode": "test", "object": "<value>", "status": "active", "key": "ABC123-XYZ456-XYZ456-XYZ456", "activation": 5, "activation_limit": {}, "created_at": "2023-09-13T00:00:00Z", "instance": [{"id": "<id>", "mode": "test", "object": "license-instance", "name": "My Customer License Instance", "status": "active", "created_at": "2023-09-13T00:00:00Z"}]}
  LicensesControllerV1_deactivate:
    speakeasy-default-licenses-controller-v1-deactivate:
      parameters:
        header:
          x-api-key: "<value>"
      requestBody:
        application/json: {"key": "<key>", "instance_id": "<id>"}
      responses:
        "200":
          application/json: {"id": "<id>", "mode": "test", "object": "<value>", "status": "active", "key": "ABC123-XYZ456-XYZ456-XYZ456", "activation": 5, "activation_limit": {}, "created_at": "2023-09-13T00:00:00Z", "instance": [{"id": "<id>", "mode": "live", "object": "license-instance", "name": "My Customer License Instance", "status": "active", "created_at": "2023-09-13T00:00:00Z"}, {"id": "<id>", "mode": "live", "object": "license-instance", "name": "My Customer License Instance", "status": "active", "created_at": "2023-09-13T00:00:00Z"}, {"id": "<id>", "mode": "sandbox", "object": "license-instance", "name": "My Customer License Instance", "status": "active", "created_at": "2023-09-13T00:00:00Z"}]}
  LicensesControllerV1_validate:
    speakeasy-default-licenses-controller-v1-validate:
      parameters:
        header:
          x-api-key: "<value>"
      requestBody:
        application/json: {"key": "<key>", "instance_id": "<id>"}
      responses:
        "200":
          application/json: {"id": "<id>", "mode": "test", "object": "<value>", "status": "active", "key": "ABC123-XYZ456-XYZ456-XYZ456", "activation": 5, "activation_limit": {}, "created_at": "2023-09-13T00:00:00Z", "instance": [{"id": "<id>", "mode": "live", "object": "license-instance", "name": "My Customer License Instance", "status": "active", "created_at": "2023-09-13T00:00:00Z"}, {"id": "<id>", "mode": "live", "object": "license-instance", "name": "My Customer License Instance", "status": "active", "created_at": "2023-09-13T00:00:00Z"}, {"id": "<id>", "mode": "test", "object": "license-instance", "name": "My Customer License Instance", "status": "active", "created_at": "2023-09-13T00:00:00Z"}]}
  DiscountsControllerV1_retrieve:
    speakeasy-default-discounts-controller-v1-retrieve:
      parameters:
        query: {}
        header:
          x-api-key: "<value>"
      responses:
        "200":
          application/json: {"id": "<id>", "mode": "sandbox", "object": "discount", "status": "active", "name": "Holiday Sale", "code": "HOLIDAY2024", "type": "percentage", "amount": 20, "percentage": 15, "expiry_date": "2024-12-31T23:59:59Z", "max_redemptions": {}, "duration": "repeating", "duration_in_months": {}, "applies_to_products": ["prod_123", "prod_456"]}
  DiscountsControllerV1_create:
    speakeasy-default-discounts-controller-v1-create:
      parameters:
        header:
          x-api-key: "<value>"
      requestBody:
        application/json: {"name": "Holiday Sale", "code": "HOLIDAY2024", "type": "fixed", "amount": 20, "currency": "USD", "percentage": 15, "expiry_date": "2024-12-31T23:59:59Z", "max_redemptions": 100, "duration": "repeating", "duration_in_months": 6, "applies_to_products": ["prod_123", "prod_456"]}
      responses:
        "200":
          application/json: {"id": "<id>", "mode": "sandbox", "object": "discount", "status": "active", "name": "Holiday Sale", "code": "HOLIDAY2024", "type": "percentage", "amount": 20, "percentage": 15, "expiry_date": "2024-12-31T23:59:59Z", "max_redemptions": {}, "duration": "repeating", "duration_in_months": {}, "applies_to_products": ["prod_123", "prod_456"]}
  DiscountsControllerV1_delete:
    speakeasy-default-discounts-controller-v1-delete:
      parameters:
        path:
          id: "<id>"
        header:
          x-api-key: "<value>"
      responses:
        "200":
          application/json: {"id": "<id>", "mode": "live", "object": "discount", "status": "active", "name": "Holiday Sale", "code": "HOLIDAY2024", "type": "percentage", "amount": 20, "percentage": 15, "expiry_date": "2024-12-31T23:59:59Z", "max_redemptions": {}, "duration": "repeating", "duration_in_months": {}, "applies_to_products": ["prod_123", "prod_456"]}
  TransactionsControllerV1_search:
    speakeasy-default-transactions-controller-v1-search:
      parameters:
        query: {}
        header:
          x-api-key: "<value>"
      responses:
        "200":
          application/json: {"items": [{"id": "<id>", "mode": "sandbox", "object": "<value>", "amount": 2000, "amount_paid": 2000, "discount_amount": 2000, "currency": "EUR", "type": "<value>", "tax_country": "US", "tax_amount": 2000, "status": "<value>", "refunded_amount": 2000, "created_at": 184.97}, {"id": "<id>", "mode": "sandbox", "object": "<value>", "amount": 2000, "amount_paid": 2000, "discount_amount": 2000, "currency": "EUR", "type": "<value>", "tax_country": "US", "tax_amount": 2000, "status": "<value>", "refunded_amount": 2000, "created_at": 1876.86}], "pagination": {"total_records": 0, "total_pages": 0, "current_page": 1, "next_page": {}}}
  createCheckout:
    speakeasy-default-create-checkout:
      parameters:
        header:
          x-api-key: "<value>"
      requestBody:
        application/json: {"product_id": "prod_1234567890", "units": 1, "discount_code": "SUMMER2024", "customer": {"id": "cust_1234567890", "email": "user@example.com"}, "custom_field": [{"type": "text", "key": "<key>", "label": "<value>"}, {"type": "text", "key": "<key>", "label": "<value>"}, {"type": "text", "key": "<key>", "label": "<value>"}], "metadata": {"userId": "user_123", "visitCount": 42, "lastVisit": "2023-04-01"}}
      responses:
        "200":
          application/json: {"id": "<id>", "mode": "sandbox", "object": "<value>", "status": "<value>", "product": "Rustic Cotton Mouse", "units": 0, "order": {"id": "<id>", "mode": "prod", "object": "<value>", "product": "Rustic Cotton Hat", "transaction": "tx_1234567890", "discount": "dis_1234567890", "amount": 2000, "sub_total": 1800, "tax_amount": 200, "discount_amount": 100, "amount_due": 1900, "amount_paid": 1900, "currency": "EUR", "fx_amount": 15, "fx_currency": "EUR", "fx_rate": 1.2, "status": "pending", "type": "recurring", "created_at": "2023-09-13T00:00:00Z", "updated_at": "2023-09-13T00:00:00Z"}, "checkout_url": "https://overcooked-inspection.name/", "success_url": "https://example.com/return", "feature": [{"license": {"id": "<id>", "mode": "test", "object": "<value>", "status": "active", "key": "ABC123-XYZ456-XYZ456-XYZ456", "activation": 5, "activation_limit": {}, "created_at": "2023-09-13T00:00:00Z", "instance": {"id": "<id>", "mode": "sandbox", "object": "license-instance", "name": "My Customer License Instance", "status": "active", "created_at": "2023-09-13T00:00:00Z"}}}, {"license": {"id": "<id>", "mode": "test", "object": "<value>", "status": "active", "key": "ABC123-XYZ456-XYZ456-XYZ456", "activation": 5, "activation_limit": {}, "created_at": "2023-09-13T00:00:00Z", "instance": {"id": "<id>", "mode": "prod", "object": "license-instance", "name": "My Customer License Instance", "status": "active", "created_at": "2023-09-13T00:00:00Z"}}}], "metadata": {"userId": "user_123", "visitCount": 42, "lastVisit": "2023-04-01"}}
  retrieveProduct:
    speakeasy-default-retrieve-product:
      parameters:
        query:
          product_id: "<id>"
        header:
          x-api-key: "<value>"
      responses:
        "200":
          application/json: {"id": "<id>", "mode": "sandbox", "object": "<value>", "name": "<value>", "description": "This is a sample product description.", "image_url": "https://example.com/image.jpg", "features": [{"id": "<id>", "type": "<value>", "description": "Get access to discord server."}, {"id": "<id>", "type": "<value>", "description": "Get access to discord server."}], "price": 400, "currency": "EUR", "billing_type": "recurring", "billing_period": "every-month", "status": "<value>", "tax_mode": "inclusive", "tax_category": "saas", "product_url": "https://creem.io/product/prod_123123123123", "default_success_url": "https://example.com/?status=successful", "created_at": "2023-01-01T00:00:00Z", "updated_at": "2023-01-01T00:00:00Z"}
  createProduct:
    speakeasy-default-create-product:
      parameters:
        header:
          x-api-key: "<value>"
      requestBody:
        application/json: {"name": "<value>", "image_url": "https://picsum.photos/200/300", "price": 400, "currency": "EUR", "billing_type": "recurring", "billing_period": "every-month", "tax_mode": "inclusive", "tax_category": "saas", "default_success_url": "https://example.com/?status=successful", "custom_field": [{"type": "text", "key": "<key>", "label": "<value>"}]}
      responses:
        "200":
          application/json: {"id": "<id>", "mode": "sandbox", "object": "<value>", "name": "<value>", "description": "This is a sample product description.", "image_url": "https://example.com/image.jpg", "features": [{"id": "<id>", "type": "<value>", "description": "Get access to discord server."}], "price": 400, "currency": "EUR", "billing_type": "recurring", "billing_period": "every-month", "status": "<value>", "tax_mode": "inclusive", "tax_category": "saas", "product_url": "https://creem.io/product/prod_123123123123", "default_success_url": "https://example.com/?status=successful", "created_at": "2023-01-01T00:00:00Z", "updated_at": "2023-01-01T00:00:00Z"}
  searchProducts:
    speakeasy-default-search-products:
      parameters:
        query: {}
        header:
          x-api-key: "<value>"
      responses:
        "200":
          application/json: {"items": [], "pagination": {"total_records": 0, "total_pages": 0, "current_page": 1, "next_page": 2, "prev_page": null}}
  retrieveCustomer:
    speakeasy-default-retrieve-customer:
      parameters:
        query: {}
        header:
          x-api-key: "<value>"
      responses:
        "200":
          application/json: {"id": "<id>", "mode": "prod", "object": "<value>", "email": "user@example.com", "name": "John Doe", "country": "US", "created_at": "2023-01-01T00:00:00Z", "updated_at": "2023-01-01T00:00:00Z"}
  generateCustomerLinks:
    speakeasy-default-generate-customer-links:
      parameters:
        header:
          x-api-key: "<value>"
      requestBody:
        application/json: {"customer_id": "<id>"}
      responses:
        "200":
          application/json: {"customer_portal_link": "<value>"}
  retrieveSubscription:
    speakeasy-default-retrieve-subscription:
      parameters:
        query:
          subscription_id: "<id>"
        header:
          x-api-key: "<value>"
      responses:
        "200":
          application/json: {"id": "<id>", "mode": "test", "object": "subscription", "product": {"id": "<id>", "mode": "prod", "object": "<value>", "name": "<value>", "description": "This is a sample product description.", "image_url": "https://example.com/image.jpg", "features": [{"id": "<id>", "type": "<value>", "description": "Get access to discord server."}, {"id": "<id>", "type": "<value>", "description": "Get access to discord server."}, {"id": "<id>", "type": "<value>", "description": "Get access to discord server."}], "price": 400, "currency": "EUR", "billing_type": "recurring", "billing_period": "every-month", "status": "<value>", "tax_mode": "inclusive", "tax_category": "saas", "product_url": "https://creem.io/product/prod_123123123123", "default_success_url": "https://example.com/?status=successful", "created_at": "2023-01-01T00:00:00Z", "updated_at": "2023-01-01T00:00:00Z"}, "customer": {"id": "<id>", "mode": "sandbox", "object": "<value>", "email": "user@example.com", "name": "John Doe", "country": "US", "created_at": "2023-01-01T00:00:00Z", "updated_at": "2023-01-01T00:00:00Z"}, "collection_method": "charge_automatically", "status": "active", "last_transaction_id": "tran_3e6Z6TzvHKdsjEgXnGDEp0", "last_transaction": {"id": "<id>", "mode": "prod", "object": "transaction", "amount": 2000, "amount_paid": 2000, "discount_amount": 2000, "currency": "EUR", "type": "<value>", "tax_country": "US", "tax_amount": 2000, "status": "<value>", "refunded_amount": 2000, "created_at": 6937.17}, "last_transaction_date": "2024-09-12T12:34:56Z", "next_transaction_date": "2024-09-12T12:34:56Z", "current_period_start_date": "2024-09-12T12:34:56Z", "current_period_end_date": "2024-09-12T12:34:56Z", "canceled_at": "2024-09-12T12:34:56Z", "created_at": "2024-01-01T00:00:00Z", "updated_at": "2024-09-12T12:34:56Z"}
  cancelSubscription:
    speakeasy-default-cancel-subscription:
      parameters:
        path:
          id: "<id>"
        header:
          x-api-key: "<value>"
      responses:
        "200":
          application/json: {"id": "<id>", "mode": "sandbox", "object": "subscription", "product": "Practical Bronze Table", "customer": "<value>", "collection_method": "charge_automatically", "status": "active", "last_transaction_id": "tran_3e6Z6TzvHKdsjEgXnGDEp0", "last_transaction": {"id": "<id>", "mode": "sandbox", "object": "transaction", "amount": 2000, "amount_paid": 2000, "discount_amount": 2000, "currency": "EUR", "type": "<value>", "tax_country": "US", "tax_amount": 2000, "status": "<value>", "refunded_amount": 2000, "created_at": 127.79}, "last_transaction_date": "2024-09-12T12:34:56Z", "next_transaction_date": "2024-09-12T12:34:56Z", "current_period_start_date": "2024-09-12T12:34:56Z", "current_period_end_date": "2024-09-12T12:34:56Z", "canceled_at": "2024-09-12T12:34:56Z", "created_at": "2024-01-01T00:00:00Z", "updated_at": "2024-09-12T12:34:56Z"}
  updateSubscription:
    speakeasy-default-update-subscription:
      parameters:
        path:
          id: "<id>"
        header:
          x-api-key: "<value>"
      requestBody:
        application/json: {"update_behavior": "proration-charge"}
      responses:
        "200":
          application/json: {"id": "<id>", "mode": "sandbox", "object": "subscription", "product": "Bespoke Metal Soap", "customer": "<value>", "collection_method": "charge_automatically", "status": "active", "last_transaction_id": "tran_3e6Z6TzvHKdsjEgXnGDEp0", "last_transaction": {"id": "<id>", "mode": "test", "object": "transaction", "amount": 2000, "amount_paid": 2000, "discount_amount": 2000, "currency": "EUR", "type": "<value>", "tax_country": "US", "tax_amount": 2000, "status": "<value>", "refunded_amount": 2000, "created_at": 5477.37}, "last_transaction_date": "2024-09-12T12:34:56Z", "next_transaction_date": "2024-09-12T12:34:56Z", "current_period_start_date": "2024-09-12T12:34:56Z", "current_period_end_date": "2024-09-12T12:34:56Z", "canceled_at": "2024-09-12T12:34:56Z", "created_at": "2024-01-01T00:00:00Z", "updated_at": "2024-09-12T12:34:56Z"}
  upgradeSubscription:
    speakeasy-default-upgrade-subscription:
      parameters:
        path:
          id: "<id>"
        header:
          x-api-key: "<value>"
      requestBody:
        application/json: {"product_id": "prod_123", "update_behavior": "proration-charge-immediately"}
      responses:
        "200":
          application/json: {"id": "<id>", "mode": "test", "object": "subscription", "product": {"id": "<id>", "mode": "test", "object": "<value>", "name": "<value>", "description": "This is a sample product description.", "image_url": "https://example.com/image.jpg", "features": [{"id": "<id>", "type": "<value>", "description": "Get access to discord server."}], "price": 400, "currency": "EUR", "billing_type": "recurring", "billing_period": "every-month", "status": "<value>", "tax_mode": "inclusive", "tax_category": "saas", "product_url": "https://creem.io/product/prod_123123123123", "default_success_url": "https://example.com/?status=successful", "created_at": "2023-01-01T00:00:00Z", "updated_at": "2023-01-01T00:00:00Z"}, "customer": {"id": "<id>", "mode": "test", "object": "<value>", "email": "user@example.com", "name": "John Doe", "country": "US", "created_at": "2023-01-01T00:00:00Z", "updated_at": "2023-01-01T00:00:00Z"}, "collection_method": "charge_automatically", "status": "active", "last_transaction_id": "tran_3e6Z6TzvHKdsjEgXnGDEp0", "last_transaction": {"id": "<id>", "mode": "test", "object": "transaction", "amount": 2000, "amount_paid": 2000, "discount_amount": 2000, "currency": "EUR", "type": "<value>", "tax_country": "US", "tax_amount": 2000, "status": "<value>", "refunded_amount": 2000, "created_at": 3053.73}, "last_transaction_date": "2024-09-12T12:34:56Z", "next_transaction_date": "2024-09-12T12:34:56Z", "current_period_start_date": "2024-09-12T12:34:56Z", "current_period_end_date": "2024-09-12T12:34:56Z", "canceled_at": "2024-09-12T12:34:56Z", "created_at": "2024-01-01T00:00:00Z", "updated_at": "2024-09-12T12:34:56Z"}
  retrieveCheckout:
    speakeasy-default-retrieve-checkout:
      parameters:
        query:
          checkout_id: "<id>"
        header:
          x-api-key: "<value>"
      responses:
        "200":
          application/json: {"id": "<id>", "mode": "prod", "object": "<value>", "status": "<value>", "product": "Unbranded Bronze Towels", "units": 1, "order": {"id": "<id>", "mode": "sandbox", "object": "<value>", "product": "Small Steel Table", "transaction": "tx_1234567890", "discount": "dis_1234567890", "amount": 2000, "sub_total": 1800, "tax_amount": 200, "discount_amount": 100, "amount_due": 1900, "amount_paid": 1900, "currency": "EUR", "fx_amount": 15, "fx_currency": "EUR", "fx_rate": 1.2, "status": "pending", "type": "recurring", "created_at": "2023-09-13T00:00:00Z", "updated_at": "2023-09-13T00:00:00Z"}, "checkout_url": "https://skeletal-atrium.info", "success_url": "https://example.com/return", "feature": [{"license": {"id": "<id>", "mode": "prod", "object": "<value>", "status": "active", "key": "ABC123-XYZ456-XYZ456-XYZ456", "activation": 5, "activation_limit": {}, "created_at": "2023-09-13T00:00:00Z", "instance": {"id": "<id>", "mode": "sandbox", "object": "license-instance", "name": "My Customer License Instance", "status": "active", "created_at": "2023-09-13T00:00:00Z"}}}], "metadata": {"userId": "user_123", "visitCount": 42, "lastVisit": "2023-04-01"}}
  activateLicense:
    speakeasy-default-activate-license:
      parameters:
        header:
          x-api-key: "<value>"
      requestBody:
        application/json: {"key": "<key>", "instance_name": "<value>"}
      responses:
        "200":
          application/json: {"id": "<id>", "mode": "prod", "object": "<value>", "status": "active", "key": "ABC123-XYZ456-XYZ456-XYZ456", "activation": 5, "activation_limit": {}, "created_at": "2023-09-13T00:00:00Z", "instance": {"id": "<id>", "mode": "test", "object": "license-instance", "name": "My Customer License Instance", "status": "active", "created_at": "2023-09-13T00:00:00Z"}}
  deactivateLicense:
    speakeasy-default-deactivate-license:
      parameters:
        header:
          x-api-key: "<value>"
      requestBody:
        application/json: {"key": "<key>", "instance_id": "<id>"}
      responses:
        "200":
          application/json: {"id": "<id>", "mode": "sandbox", "object": "<value>", "status": "active", "key": "ABC123-XYZ456-XYZ456-XYZ456", "activation": 5, "activation_limit": {}, "created_at": "2023-09-13T00:00:00Z", "instance": {"id": "<id>", "mode": "sandbox", "object": "license-instance", "name": "My Customer License Instance", "status": "active", "created_at": "2023-09-13T00:00:00Z"}}
  validateLicense:
    speakeasy-default-validate-license:
      parameters:
        header:
          x-api-key: "<value>"
      requestBody:
        application/json: {"key": "<key>", "instance_id": "<id>"}
      responses:
        "200":
          application/json: {"id": "<id>", "mode": "sandbox", "object": "<value>", "status": "active", "key": "ABC123-XYZ456-XYZ456-XYZ456", "activation": 5, "activation_limit": {}, "created_at": "2023-09-13T00:00:00Z", "instance": {"id": "<id>", "mode": "sandbox", "object": "license-instance", "name": "My Customer License Instance", "status": "active", "created_at": "2023-09-13T00:00:00Z"}}
  retrieveDiscount:
    speakeasy-default-retrieve-discount:
      parameters:
        query: {}
        header:
          x-api-key: "<value>"
      responses:
        "200":
          application/json: {"id": "<id>", "mode": "sandbox", "object": "discount", "status": "active", "name": "Holiday Sale", "code": "HOLIDAY2024", "type": "percentage", "amount": 20, "currency": "USD", "percentage": 15, "expiry_date": "2024-12-31T23:59:59Z", "max_redemptions": 100, "duration": "repeating", "duration_in_months": 6, "applies_to_products": ["prod_123", "prod_456"]}
  createDiscount:
    speakeasy-default-create-discount:
      parameters:
        header:
          x-api-key: "<value>"
      requestBody:
        application/json: {"name": "Holiday Sale", "code": "HOLIDAY2024", "type": "fixed", "amount": 20, "currency": "USD", "percentage": 15, "expiry_date": "2024-12-31T23:59:59Z", "max_redemptions": 100, "duration": "repeating", "duration_in_months": 6, "applies_to_products": ["prod_123", "prod_456"]}
      responses:
        "200":
          application/json: {"id": "<id>", "mode": "sandbox", "object": "discount", "status": "active", "name": "Holiday Sale", "code": "HOLIDAY2024", "type": "percentage", "amount": 20, "currency": "USD", "percentage": 15, "expiry_date": "2024-12-31T23:59:59Z", "max_redemptions": 100, "duration": "repeating", "duration_in_months": 6, "applies_to_products": ["prod_123", "prod_456"]}
  deleteDiscount:
    speakeasy-default-delete-discount:
      parameters:
        path:
          id: "<id>"
        header:
          x-api-key: "<value>"
      responses:
        "200":
          application/json: {"id": "<id>", "mode": "prod", "object": "discount", "status": "active", "name": "Holiday Sale", "code": "HOLIDAY2024", "type": "percentage", "amount": 20, "currency": "USD", "percentage": 15, "expiry_date": "2024-12-31T23:59:59Z", "max_redemptions": 100, "duration": "repeating", "duration_in_months": 6, "applies_to_products": ["prod_123", "prod_456"]}
  searchTransactions:
    speakeasy-default-search-transactions:
      parameters:
        query: {}
        header:
          x-api-key: "<value>"
      responses:
        "200":
          application/json: {"items": [{"id": "<id>", "mode": "sandbox", "object": "transaction", "amount": 2000, "amount_paid": 2000, "discount_amount": 2000, "currency": "EUR", "type": "<value>", "tax_country": "US", "tax_amount": 2000, "status": "<value>", "refunded_amount": 2000, "created_at": 618.34}, {"id": "<id>", "mode": "sandbox", "object": "transaction", "amount": 2000, "amount_paid": 2000, "discount_amount": 2000, "currency": "EUR", "type": "<value>", "tax_country": "US", "tax_amount": 2000, "status": "<value>", "refunded_amount": 2000, "created_at": 9438.92}, {"id": "<id>", "mode": "test", "object": "transaction", "amount": 2000, "amount_paid": 2000, "discount_amount": 2000, "currency": "EUR", "type": "<value>", "tax_country": "US", "tax_amount": 2000, "status": "<value>", "refunded_amount": 2000, "created_at": 3723.22}], "pagination": {"total_records": 0, "total_pages": 0, "current_page": 1, "next_page": 2, "prev_page": null}}
examplesVersion: 1.0.1
generatedTests: {}
