speakeasyVersion: 1.543.2
sources:
    Creem API:
        sourceNamespace: creem-api
        sourceRevisionDigest: sha256:691778b4b649f45ac02bcf79d01cdd8668861882dcd9d3e67c3f8e2038bc3003
        sourceBlobDigest: sha256:a32888aa8ec23e4d2c437fe5874cbe2a19c03bfd41ad7856225980a3b6810e0d
        tags:
            - latest
            - v1
targets:
    creem:
        source: Creem API
        sourceNamespace: creem-api
        sourceRevisionDigest: sha256:691778b4b649f45ac02bcf79d01cdd8668861882dcd9d3e67c3f8e2038bc3003
        sourceBlobDigest: sha256:a32888aa8ec23e4d2c437fe5874cbe2a19c03bfd41ad7856225980a3b6810e0d
        codeSamplesNamespace: creem-api-typescript-code-samples
        codeSamplesRevisionDigest: sha256:baa42f2d2638486068024324988cecef14c8a159daf1bc3ff924ccb54fabfc43
workflow:
    workflowVersion: 1.0.0
    speakeasyVersion: latest
    sources:
        Creem API:
            inputs:
                - location: ./openapi.json
            registry:
                location: registry.speakeasyapi.dev/creem/engineering/creem-api
    targets:
        creem:
            target: typescript
            source: Creem API
            publish:
                npm:
                    token: $npm_token
            codeSamples:
                registry:
                    location: registry.speakeasyapi.dev/creem/engineering/creem-api-typescript-code-samples
                labelOverride:
                    fixedValue: Typescript (SDK)
                blocking: false
