speakeasyVersion: 1.544.0
sources:
    Creem API:
        sourceNamespace: creem-api
        sourceRevisionDigest: sha256:b431b9831ddd3facccc859a5e6cebf5f1dc0837e84e8b5f786a04265971cdcb1
        sourceBlobDigest: sha256:0608561128e7dc104384b0eaa961d6fffcda5cd987310b935911f048945613f6
        tags:
            - latest
            - v1
targets:
    creem:
        source: Creem API
        sourceNamespace: creem-api
        sourceRevisionDigest: sha256:b431b9831ddd3facccc859a5e6cebf5f1dc0837e84e8b5f786a04265971cdcb1
        sourceBlobDigest: sha256:0608561128e7dc104384b0eaa961d6fffcda5cd987310b935911f048945613f6
        codeSamplesNamespace: creem-api-typescript-code-samples
        codeSamplesRevisionDigest: sha256:d368cd749adedb8563bb94b035bbfdf8b2ca19d6a73adc6b07f25ec8c00a6f79
workflow:
    workflowVersion: 1.0.0
    speakeasyVersion: latest
    sources:
        Creem API:
            inputs:
                - location: ./openapi.json
            registry:
                location: registry.speakeasyapi.dev/creem/engineering/creem-api
    targets:
        creem:
            target: typescript
            source: Creem API
            publish:
                npm:
                    token: $npm_token
            codeSamples:
                registry:
                    location: registry.speakeasyapi.dev/creem/engineering/creem-api-typescript-code-samples
                labelOverride:
                    fixedValue: Typescript (SDK)
                blocking: false
