speakeasyVersion: 1.538.0
sources:
    Creem API:
        sourceNamespace: creem-api
        sourceRevisionDigest: sha256:d24af75e3ca692645b7ad3c65c7a19eb92da784e702454b64efbf6795a3308e9
        sourceBlobDigest: sha256:2c260bfdece52428ccf68365722ce55a8d2b74b2dc4e74239f219497b0667368
        tags:
            - latest
            - v1
targets:
    creem:
        source: Creem API
        sourceNamespace: creem-api
        sourceRevisionDigest: sha256:d24af75e3ca692645b7ad3c65c7a19eb92da784e702454b64efbf6795a3308e9
        sourceBlobDigest: sha256:2c260bfdece52428ccf68365722ce55a8d2b74b2dc4e74239f219497b0667368
        codeSamplesNamespace: creem-api-typescript-code-samples
        codeSamplesRevisionDigest: sha256:7e19500e96e1af4cb1b3d0cdff91cb87bdcff27593f27fde0c55bc4a11accc15
workflow:
    workflowVersion: 1.0.0
    speakeasyVersion: latest
    sources:
        Creem API:
            inputs:
                - location: ./openapi.json
            registry:
                location: registry.speakeasyapi.dev/creem/engineering/creem-api
    targets:
        creem:
            target: typescript
            source: Creem API
            publish:
                npm:
                    token: $npm_token
            codeSamples:
                registry:
                    location: registry.speakeasyapi.dev/creem/engineering/creem-api-typescript-code-samples
                labelOverride:
                    fixedValue: Typescript (SDK)
                blocking: false
